{
    "_meta": {
        "hash": {
            "sha256": "6dba19e6c07e26dbd31f8b7404a8e8458514490b11ecfdcefca4685c657314b5"
        },
        "pipfile-spec": 6,
        "requires": {
            "python_version": "3.10"
        },
        "sources": [
            {
                "name": "pypi",
                "url": "https://pypi.org/simple",
                "verify_ssl": true
            }
        ]
    },
    "default": {
        "blis": {
            "hashes": [
                "sha256:0c185979f8f528d634f5548b8cd84ab0366d340c27c039ad3937fab186c1c252",
                "sha256:0e476931f0d5703a21c77e7f69b8ebdeeea493fc7858a86f627ac2b376a12c8d",
                "sha256:2339cb19594134775bda8b86f23a893828fc7e8d63f09ba9a15f30b2b16c966c",
                "sha256:31401da283ed42905f0fbf2f8b88ea424c6a911482426f84b5b88c54d382e4d1",
                "sha256:5023781272e0b2868be2f92017aa6836557990f1ca5ba2af5e9f5a0acf04fd8a",
                "sha256:5812a7c04561ae7332cf730f57d9f82cbd12c5f86a5bfad66ee244e51d06266d",
                "sha256:5966ddf3bce84aa7bb09ce4ca059309602fa63280a5d5e5365bb2a294bd5a138",
                "sha256:65ba723821cc57eb4227eb8dd05c57fff23d97f826d4325b316cd8a63aac8d6a",
                "sha256:66204a19e38986645940c887498c7b5520efb5bbc6526bf1b8a58f7d3eb37da0",
                "sha256:730952f74adb0fa7dde9f1bc11249d5a64f3a3a9cf7dfa23b189a4b767bdf2d0",
                "sha256:833e01e9eaff4c01aa6e049bbc1e6acb9eca6ee513d7b35b5bf135d49705ad33",
                "sha256:8345bd04777557ef385e2f2d1f14a19d53b2ea9ca5fe107a2cdc50d7bafb8eb2",
                "sha256:9eecfce3d8fce61dede7b0ae0dffa461c22072437b6cde85587db0c1aa75b450",
                "sha256:ad4af690c37a5953d3aea660ad89b636bfbb80ca1470995554670ca2143f0cb2",
                "sha256:cf11c233ea5c2d30683e7c9641c5dc4cd76ed0f64755ba3321dfb8db39feb316",
                "sha256:d9034dabce4e42e3a1a7b99cc6de430484c8c369e51556ee8d47a53c085de681"
            ],
            "version": "==0.7.5"
        },
        "catalogue": {
            "hashes": [
                "sha256:336a35603f447167042ef504114d6befa46688f03f4c14dabdc633a44587b245",
                "sha256:34ebb5cd2b98f7fa7421fa0eead3b84e577243532509b3fa8cd04abcc9f61d3c"
            ],
            "markers": "python_version >= '3.6'",
            "version": "==2.0.6"
        },
        "certifi": {
            "hashes": [
                "sha256:78884e7c1d4b00ce3cea67b44566851c4343c120abd683433ce934a68ea58872",
                "sha256:d62a0163eb4c2344ac042ab2bdf75399a71a2d8c7d47eac2e2ee91b9d6339569"
            ],
            "version": "==2021.10.8"
        },
        "charset-normalizer": {
            "hashes": [
                "sha256:e019de665e2bcf9c2b64e2e5aa025fa991da8720daa3c1138cadd2fd1856aed0",
                "sha256:f7af805c321bfa1ce6714c51f254e0d5bb5e5834039bc17db7ebe3a4cec9492b"
            ],
            "markers": "python_version >= '3'",
            "version": "==2.0.7"
        },
        "click": {
            "hashes": [
                "sha256:3fab8aeb8f15f5452ae7511ad448977b3417325bceddd53df87e0bb81f3a8cf8",
                "sha256:7027bc7bbafaab8b2c2816861d8eb372429ee3c02e193fc2f93d6c4ab9de49c5"
            ],
            "index": "pypi",
            "version": "==8.0.2"
        },
        "cymem": {
            "hashes": [
                "sha256:04676d696596b0db3f3c5a3936bab12fb6f24278921a6622bb185e61765b2b4d",
                "sha256:169725b5816959d34de2545b33fee6a8021a6e08818794a426c5a4f981f17e5e",
                "sha256:2aa3fa467d906cd2c27fa0a2e2952dd7925f5fcc7973fab6d815ef6acb25aad8",
                "sha256:4749f220e4c06ec44eb10de13794ff0508cdc4f8eff656cf49cab2cdb3122c0c",
                "sha256:492084aef23ac2ff3da3729e9d36340bc91a96c2dc8c3a82a1926e384ab52412",
                "sha256:4f87fe087f2ae36c3e20e2b1a29d7f76a28c035372d0a97655f26223d975235a",
                "sha256:6b0d1a6b0a1296f31fa9e4b7ae5ea49394084ecc883b1ae6fec4844403c43468",
                "sha256:700540b68e96a7056d0691d467df2bbaaf0934a3e6fe2383669998cbee19580a",
                "sha256:971cf0a8437dfb4185c3049c086e463612fe849efadc0f5cc153fc81c501da7d",
                "sha256:a93fba62fe79dbf6fc4d5b6d804a6e114b44af3ff3d40a28833ee39f21bd336b",
                "sha256:af3c01e6b20f9e6c07c7d7cdb7f710e49889d3906c9a3e039546ee6636a34b9a",
                "sha256:b8e1c18bb00800425576710468299153caad20c64ddb6819d40a6a34e21ee21c",
                "sha256:c59293b232b53ebb47427f16cf648e937022f489cff36c11d1d8a1f0075b6609",
                "sha256:d7a59cef8f2fa25d12e2c30138f8623acbd43ad2715e730a709e49c5eef8e1b0",
                "sha256:dd52d8a81881804625df88453611175ab7e0099b34f52204da1f6940cf2e83c9",
                "sha256:ea535f74ab6024e7416f93de564e5c81fb7c0964b96280de66f60aeb05f0cf53"
            ],
            "version": "==2.0.6"
        },
        "dill": {
            "hashes": [
                "sha256:7e40e4a70304fd9ceab3535d36e58791d9c4a776b38ec7f7ec9afc8d3dca4d4f",
                "sha256:9f9734205146b2b353ab3fec9af0070237b6ddae78452af83d2fca84d739e675"
            ],
            "markers": "python_version >= '2.7' and python_version != '3.0'",
            "version": "==0.3.4"
        },
        "docopt": {
            "hashes": [
                "sha256:49b3a825280bd66b3aa83585ef59c4a8c82f2c8a522dbe754a8bc8d08c85c491"
            ],
            "version": "==0.6.2"
        },
        "et-xmlfile": {
            "hashes": [
                "sha256:8eb9e2bc2f8c97e37a2dc85a09ecdcdec9d8a396530a6d5a33b30b9a92da0c5c",
                "sha256:a2ba85d1d6a74ef63837eed693bcb89c3f752169b0e3e7ae5b16ca5e1b3deada"
            ],
            "markers": "python_version >= '3.6'",
            "version": "==1.1.0"
        },
        "flask": {
            "hashes": [
                "sha256:4efa1ae2d7c9865af48986de8aeb8504bf32c7f3d6fdc9353d34b21f4b127060",
                "sha256:8a4fdd8936eba2512e9c85df320a37e694c93945b33ef33c89946a340a238557"
            ],
            "index": "pypi",
            "version": "==1.1.2"
        },
        "flask-cors": {
            "hashes": [
                "sha256:74efc975af1194fc7891ff5cd85b0f7478be4f7f59fe158102e91abb72bb4438",
                "sha256:b60839393f3b84a0f3746f6cdca56c1ad7426aa738b70d6c61375857823181de"
            ],
            "index": "pypi",
            "version": "==3.0.10"
        },
        "gunicorn": {
            "hashes": [
                "sha256:1904bb2b8a43658807108d59c3f3d56c2b6121a701161de0ddf9ad140073c626",
                "sha256:cd4a810dd51bf497552cf3f863b575dabd73d6ad6a91075b65936b151cbf4f9c"
            ],
            "index": "pypi",
            "version": "==20.0.4"
        },
        "idna": {
            "hashes": [
                "sha256:84d9dd047ffa80596e0f246e2eab0b391788b0503584e8945f2368256d2735ff",
                "sha256:9d643ff0a55b762d5cdb124b8eaa99c66322e2157b69160bc32796e824360e6d"
            ],
            "markers": "python_version >= '3'",
            "version": "==3.3"
        },
        "itsdangerous": {
            "hashes": [
                "sha256:5174094b9637652bdb841a3029700391451bd092ba3db90600dea710ba28e97c",
                "sha256:9e724d68fc22902a1435351f84c3fb8623f303fffcc566a4cb952df8c572cff0"
            ],
            "index": "pypi",
            "version": "==2.0.1"
        },
        "jinja2": {
            "hashes": [
                "sha256:827a0e32839ab1600d4eb1c4c33ec5a8edfbc5cb42dafa13b81f182f97784b45",
                "sha256:8569982d3f0889eed11dd620c706d39b60c36d6d25843961f33f77fb6bc6b20c"
            ],
            "index": "pypi",
            "version": "==3.0.2"
        },
        "joblib": {
            "hashes": [
                "sha256:4158fcecd13733f8be669be0683b96ebdbbd38d23559f54dca7205aea1bf1e35",
                "sha256:f21f109b3c7ff9d95f8387f752d0d9c34a02aa2f7060c2135f465da0e5160ff6"
            ],
            "markers": "python_version >= '3.6'",
            "version": "==1.1.0"
        },
        "langcodes": {
            "hashes": [
                "sha256:4d89fc9acb6e9c8fdef70bcdf376113a3db09b67285d9e1d534de6d8818e7e69",
                "sha256:794d07d5a28781231ac335a1561b8442f8648ca07cd518310aeb45d6f0807ef6"
            ],
            "markers": "python_version >= '3.6'",
            "version": "==3.3.0"
        },
        "markupsafe": {
            "hashes": [
                "sha256:01a9b8ea66f1658938f65b93a85ebe8bc016e6769611be228d797c9d998dd298",
                "sha256:023cb26ec21ece8dc3907c0e8320058b2e0cb3c55cf9564da612bc325bed5e64",
                "sha256:0446679737af14f45767963a1a9ef7620189912317d095f2d9ffa183a4d25d2b",
                "sha256:04635854b943835a6ea959e948d19dcd311762c5c0c6e1f0e16ee57022669194",
                "sha256:0717a7390a68be14b8c793ba258e075c6f4ca819f15edfc2a3a027c823718567",
                "sha256:0955295dd5eec6cb6cc2fe1698f4c6d84af2e92de33fbcac4111913cd100a6ff",
                "sha256:0d4b31cc67ab36e3392bbf3862cfbadac3db12bdd8b02a2731f509ed5b829724",
                "sha256:10f82115e21dc0dfec9ab5c0223652f7197feb168c940f3ef61563fc2d6beb74",
                "sha256:168cd0a3642de83558a5153c8bd34f175a9a6e7f6dc6384b9655d2697312a646",
                "sha256:1d609f577dc6e1aa17d746f8bd3c31aa4d258f4070d61b2aa5c4166c1539de35",
                "sha256:1f2ade76b9903f39aa442b4aadd2177decb66525062db244b35d71d0ee8599b6",
                "sha256:20dca64a3ef2d6e4d5d615a3fd418ad3bde77a47ec8a23d984a12b5b4c74491a",
                "sha256:2a7d351cbd8cfeb19ca00de495e224dea7e7d919659c2841bbb7f420ad03e2d6",
                "sha256:2d7d807855b419fc2ed3e631034685db6079889a1f01d5d9dac950f764da3dad",
                "sha256:2ef54abee730b502252bcdf31b10dacb0a416229b72c18b19e24a4509f273d26",
                "sha256:36bc903cbb393720fad60fc28c10de6acf10dc6cc883f3e24ee4012371399a38",
                "sha256:37205cac2a79194e3750b0af2a5720d95f786a55ce7df90c3af697bfa100eaac",
                "sha256:3c112550557578c26af18a1ccc9e090bfe03832ae994343cfdacd287db6a6ae7",
                "sha256:3dd007d54ee88b46be476e293f48c85048603f5f516008bee124ddd891398ed6",
                "sha256:4296f2b1ce8c86a6aea78613c34bb1a672ea0e3de9c6ba08a960efe0b0a09047",
                "sha256:47ab1e7b91c098ab893b828deafa1203de86d0bc6ab587b160f78fe6c4011f75",
                "sha256:49e3ceeabbfb9d66c3aef5af3a60cc43b85c33df25ce03d0031a608b0a8b2e3f",
                "sha256:4dc8f9fb58f7364b63fd9f85013b780ef83c11857ae79f2feda41e270468dd9b",
                "sha256:4efca8f86c54b22348a5467704e3fec767b2db12fc39c6d963168ab1d3fc9135",
                "sha256:53edb4da6925ad13c07b6d26c2a852bd81e364f95301c66e930ab2aef5b5ddd8",
                "sha256:5855f8438a7d1d458206a2466bf82b0f104a3724bf96a1c781ab731e4201731a",
                "sha256:594c67807fb16238b30c44bdf74f36c02cdf22d1c8cda91ef8a0ed8dabf5620a",
                "sha256:5b6d930f030f8ed98e3e6c98ffa0652bdb82601e7a016ec2ab5d7ff23baa78d1",
                "sha256:5bb28c636d87e840583ee3adeb78172efc47c8b26127267f54a9c0ec251d41a9",
                "sha256:60bf42e36abfaf9aff1f50f52644b336d4f0a3fd6d8a60ca0d054ac9f713a864",
                "sha256:611d1ad9a4288cf3e3c16014564df047fe08410e628f89805e475368bd304914",
                "sha256:6300b8454aa6930a24b9618fbb54b5a68135092bc666f7b06901f897fa5c2fee",
                "sha256:63f3268ba69ace99cab4e3e3b5840b03340efed0948ab8f78d2fd87ee5442a4f",
                "sha256:6557b31b5e2c9ddf0de32a691f2312a32f77cd7681d8af66c2692efdbef84c18",
                "sha256:693ce3f9e70a6cf7d2fb9e6c9d8b204b6b39897a2c4a1aa65728d5ac97dcc1d8",
                "sha256:6a7fae0dd14cf60ad5ff42baa2e95727c3d81ded453457771d02b7d2b3f9c0c2",
                "sha256:6c4ca60fa24e85fe25b912b01e62cb969d69a23a5d5867682dd3e80b5b02581d",
                "sha256:6fcf051089389abe060c9cd7caa212c707e58153afa2c649f00346ce6d260f1b",
                "sha256:7d91275b0245b1da4d4cfa07e0faedd5b0812efc15b702576d103293e252af1b",
                "sha256:89c687013cb1cd489a0f0ac24febe8c7a666e6e221b783e53ac50ebf68e45d86",
                "sha256:8d206346619592c6200148b01a2142798c989edcb9c896f9ac9722a99d4e77e6",
                "sha256:905fec760bd2fa1388bb5b489ee8ee5f7291d692638ea5f67982d968366bef9f",
                "sha256:97383d78eb34da7e1fa37dd273c20ad4320929af65d156e35a5e2d89566d9dfb",
                "sha256:984d76483eb32f1bcb536dc27e4ad56bba4baa70be32fa87152832cdd9db0833",
                "sha256:99df47edb6bda1249d3e80fdabb1dab8c08ef3975f69aed437cb69d0a5de1e28",
                "sha256:9f02365d4e99430a12647f09b6cc8bab61a6564363f313126f775eb4f6ef798e",
                "sha256:a30e67a65b53ea0a5e62fe23682cfe22712e01f453b95233b25502f7c61cb415",
                "sha256:ab3ef638ace319fa26553db0624c4699e31a28bb2a835c5faca8f8acf6a5a902",
                "sha256:aca6377c0cb8a8253e493c6b451565ac77e98c2951c45f913e0b52facdcff83f",
                "sha256:add36cb2dbb8b736611303cd3bfcee00afd96471b09cda130da3581cbdc56a6d",
                "sha256:b2f4bf27480f5e5e8ce285a8c8fd176c0b03e93dcc6646477d4630e83440c6a9",
                "sha256:b7f2d075102dc8c794cbde1947378051c4e5180d52d276987b8d28a3bd58c17d",
                "sha256:baa1a4e8f868845af802979fcdbf0bb11f94f1cb7ced4c4b8a351bb60d108145",
                "sha256:be98f628055368795d818ebf93da628541e10b75b41c559fdf36d104c5787066",
                "sha256:bf5d821ffabf0ef3533c39c518f3357b171a1651c1ff6827325e4489b0e46c3c",
                "sha256:c47adbc92fc1bb2b3274c4b3a43ae0e4573d9fbff4f54cd484555edbf030baf1",
                "sha256:cdfba22ea2f0029c9261a4bd07e830a8da012291fbe44dc794e488b6c9bb353a",
                "sha256:d6c7ebd4e944c85e2c3421e612a7057a2f48d478d79e61800d81468a8d842207",
                "sha256:d7f9850398e85aba693bb640262d3611788b1f29a79f0c93c565694658f4071f",
                "sha256:d8446c54dc28c01e5a2dbac5a25f071f6653e6e40f3a8818e8b45d790fe6ef53",
                "sha256:deb993cacb280823246a026e3b2d81c493c53de6acfd5e6bfe31ab3402bb37dd",
                "sha256:e0f138900af21926a02425cf736db95be9f4af72ba1bb21453432a07f6082134",
                "sha256:e9936f0b261d4df76ad22f8fee3ae83b60d7c3e871292cd42f40b81b70afae85",
                "sha256:f0567c4dc99f264f49fe27da5f735f414c4e7e7dd850cfd8e69f0862d7c74ea9",
                "sha256:f5653a225f31e113b152e56f154ccbe59eeb1c7487b39b9d9f9cdb58e6c79dc5",
                "sha256:f826e31d18b516f653fe296d967d700fddad5901ae07c622bb3705955e1faa94",
                "sha256:f8ba0e8349a38d3001fae7eadded3f6606f0da5d748ee53cc1dab1d6527b9509",
                "sha256:f9081981fe268bd86831e5c75f7de206ef275defcb82bc70740ae6dc507aee51",
                "sha256:fa130dd50c57d53368c9d59395cb5526eda596d3ffe36666cd81a44d56e48872"
            ],
            "index": "pypi",
            "version": "==2.0.1"
        },
        "murmurhash": {
            "hashes": [
                "sha256:00a5252b569d3f914b5bd0bce72d2efe9c0fb91a9703556ea1b608b141c68f2d",
                "sha256:1431d817e1fff1ed35f8dc54dd5b4d70165ec98076de8aca351805f8037293f3",
                "sha256:2911bc3e8040dfaac536b141539b0351915f1439953f0aa9e957f082cff035a6",
                "sha256:5c7b8cc4a8db1c821b80f8ca70a25c3166b14d68ecef8693a117c6a0b1d74ace",
                "sha256:773411eba268bf524c012e781f4405aacb9ef4edc063d1f6b38bbf06358b988e",
                "sha256:7dc5a79346afa07f14384926c335c0c455226d687d1305b9378264875b450e51",
                "sha256:8de08d145c85bb7ba89cb1b591742e3ef54cede73e35f62752af687a4a1859f7",
                "sha256:90a8e06872015d6f9f66a42669e003a1df8be229defef69cd98546f4cb25546d",
                "sha256:92cd7196974307143ce8e9e9b6e22e0a57abf30bdd5a1effe696b4825677e616",
                "sha256:9d69cc0ffc0ef6d37399b8a0484a44f9877e531ebc164e55105e89738ed52089",
                "sha256:a78d53f047c3410ce4c589d9b47090f628f844ed5694418144e63cfe7f3da7e9",
                "sha256:ab326b172dc470331490bda516d4d6d7578c91445ad83a2a3418ac1b9c5f9f55",
                "sha256:cdd1036688341413e5adef32b3fd58e8b44f24405f394f90129f39ed879e4f24",
                "sha256:de267459d040c96727ba141075d5bc983ec69c6f75b6df1b703e3b5cd7090382",
                "sha256:e40790fdaf65213d70da4ed9229f16f6d6376310dc8fc23eacc98e6151c6ae7e",
                "sha256:f4ef3b26229ff192032a12653d637313e1231d23e788b83a2f4a3d8e2bf2d031"
            ],
            "version": "==1.0.6"
        },
        "num2words": {
            "hashes": [
                "sha256:0b6e5f53f11d3005787e206d9c03382f459ef048a43c544e3db3b1e05a961548",
                "sha256:37cd4f60678f7e1045cdc3adf6acf93c8b41bf732da860f97d301f04e611cc57"
            ],
            "index": "pypi",
            "version": "==0.5.10"
        },
        "numpy": {
            "hashes": [
                "sha256:0b78ecfa070460104934e2caf51694ccd00f37d5e5dbe76f021b1b0b0d221823",
                "sha256:1247ef28387b7bb7f21caf2dbe4767f4f4175df44d30604d42ad9bd701ebb31f",
                "sha256:1403b4e2181fc72664737d848b60e65150f272fe5a1c1cbc16145ed43884065a",
                "sha256:170b2a0805c6891ca78c1d96ee72e4c3ed1ae0a992c75444b6ab20ff038ba2cd",
                "sha256:2e4ed57f45f0aa38beca2a03b6532e70e548faf2debbeb3291cfc9b315d9be8f",
                "sha256:32fe5b12061f6446adcbb32cf4060a14741f9c21e15aaee59a207b6ce6423469",
                "sha256:34f3456f530ae8b44231c63082c8899fe9c983fd9b108c997c4b1c8c2d435333",
                "sha256:4c9c23158b87ed0e70d9a50c67e5c0b3f75bcf2581a8e34668d4e9d7474d76c6",
                "sha256:5d95668e727c75b3f5088ec7700e260f90ec83f488e4c0aaccb941148b2cd377",
                "sha256:615d4e328af7204c13ae3d4df7615a13ff60a49cb0d9106fde07f541207883ca",
                "sha256:69077388c5a4b997442b843dbdc3a85b420fb693ec8e33020bb24d647c164fa5",
                "sha256:74b85a17528ca60cf98381a5e779fc0264b4a88b46025e6bcbe9621f46bb3e63",
                "sha256:81225e58ef5fce7f1d80399575576fc5febec79a8a2742e8ef86d7b03beef49f",
                "sha256:8890b3360f345e8360133bc078d2dacc2843b6ee6059b568781b15b97acbe39f",
                "sha256:92aafa03da8658609f59f18722b88f0a73a249101169e28415b4fa148caf7e41",
                "sha256:9864424631775b0c052f3bd98bc2712d131b3e2cd95d1c0c68b91709170890b0",
                "sha256:9e6f5f50d1eff2f2f752b3089a118aee1ea0da63d56c44f3865681009b0af162",
                "sha256:a3deb31bc84f2b42584b8c4001c85d1934dbfb4030827110bc36bfd11509b7bf",
                "sha256:ad010846cdffe7ec27e3f933397f8a8d6c801a48634f419e3d075db27acf5880",
                "sha256:b1e2312f5b8843a3e4e8224b2b48fe16119617b8fc0a54df8f50098721b5bed2",
                "sha256:bc988afcea53e6156546e5b2885b7efab089570783d9d82caf1cfd323b0bb3dd",
                "sha256:c449eb870616a7b62e097982c622d2577b3dbc800aaf8689254ec6e0197cbf1e",
                "sha256:c74c699b122918a6c4611285cc2cad4a3aafdb135c22a16ec483340ef97d573c",
                "sha256:c885bfc07f77e8fee3dc879152ba993732601f1f11de248d4f357f0ffea6a6d4",
                "sha256:e3c3e990274444031482a31280bf48674441e0a5b55ddb168f3a6db3e0c38ec8",
                "sha256:e4799be6a2d7d3c33699a6f77201836ac975b2e1b98c2a07f66a38f499cb50ce",
                "sha256:e6c76a87633aa3fa16614b61ccedfae45b91df2767cf097aa9c933932a7ed1e0",
                "sha256:e89717274b41ebd568cd7943fc9418eeb49b1785b66031bc8a7f6300463c5898",
                "sha256:f5162ec777ba7138906c9c274353ece5603646c6965570d82905546579573f73",
                "sha256:fde96af889262e85aa033f8ee1d3241e32bf36228318a61f1ace579df4e8170d"
            ],
            "markers": "python_version < '3.11' and python_version >= '3.7'",
            "version": "==1.21.4"
        },
        "openai": {
            "hashes": [
                "sha256:9b70f51abc5723330cbd422b865e1613519da166a1682e9879e5ce251e765994"
            ],
            "index": "pypi",
            "version": "==0.10.5"
        },
        "openpyxl": {
            "hashes": [
                "sha256:40f568b9829bf9e446acfffce30250ac1fa39035124d55fc024025c41481c90f",
                "sha256:8f3b11bd896a95468a4ab162fc4fcd260d46157155d1f8bfaabb99d88cfcf79f"
            ],
            "markers": "python_version >= '3.6'",
            "version": "==3.0.9"
        },
        "packaging": {
            "hashes": [
                "sha256:dd47c42927d89ab911e606518907cc2d3a1f38bbd026385970643f9c5b8ecfeb",
                "sha256:ef103e05f519cdc783ae24ea4e2e0f508a9c99b2d4969652eed6a2e1ea5bd522"
            ],
            "markers": "python_version >= '3.6'",
            "version": "==21.3"
        },
        "pandarallel": {
            "hashes": [
                "sha256:b6f51d7ad6ce7872d5f7cc437c709728151c3fe01c34fe77845c06e24eb3f1b5"
            ],
            "index": "pypi",
            "version": "==1.5.4"
        },
        "pandas": {
            "hashes": [
                "sha256:003ba92db58b71a5f8add604a17a059f3068ef4e8c0c365b088468d0d64935fd",
                "sha256:10e10a2527db79af6e830c3d5842a4d60383b162885270f8cffc15abca4ba4a9",
                "sha256:22808afb8f96e2269dcc5b846decacb2f526dd0b47baebc63d913bf847317c8f",
                "sha256:2d1dc09c0013d8faa7474574d61b575f9af6257ab95c93dcf33a14fd8d2c1bab",
                "sha256:35c77609acd2e4d517da41bae0c11c70d31c87aae8dd1aabd2670906c6d2c143",
                "sha256:372d72a3d8a5f2dbaf566a5fa5fa7f230842ac80f29a931fb4b071502cf86b9a",
                "sha256:42493f8ae67918bf129869abea8204df899902287a7f5eaf596c8e54e0ac7ff4",
                "sha256:4acc28364863127bca1029fb72228e6f473bb50c32e77155e80b410e2068eeac",
                "sha256:5298a733e5bfbb761181fd4672c36d0c627320eb999c59c65156c6a90c7e1b4f",
                "sha256:5ba0aac1397e1d7b654fccf263a4798a9e84ef749866060d19e577e927d66e1b",
                "sha256:9707bdc1ea9639c886b4d3be6e2a45812c1ac0c2080f94c31b71c9fa35556f9b",
                "sha256:a2aa18d3f0b7d538e21932f637fbfe8518d085238b429e4790a35e1e44a96ffc",
                "sha256:a388960f979665b447f0847626e40f99af8cf191bce9dc571d716433130cb3a7",
                "sha256:a51528192755f7429c5bcc9e80832c517340317c861318fea9cea081b57c9afd",
                "sha256:b528e126c13816a4374e56b7b18bfe91f7a7f6576d1aadba5dee6a87a7f479ae",
                "sha256:c1aa4de4919358c5ef119f6377bc5964b3a7023c23e845d9db7d9016fa0c5b1c",
                "sha256:c2646458e1dce44df9f71a01dc65f7e8fa4307f29e5c0f2f92c97f47a5bf22f5",
                "sha256:c2f44425594ae85e119459bb5abb0748d76ef01d9c08583a667e3339e134218e",
                "sha256:d47750cf07dee6b55d8423471be70d627314277976ff2edd1381f02d52dbadf9",
                "sha256:d99d2350adb7b6c3f7f8f0e5dfb7d34ff8dd4bc0a53e62c445b7e43e163fce63",
                "sha256:dd324f8ee05925ee85de0ea3f0d66e1362e8c80799eb4eb04927d32335a3e44a",
                "sha256:eaca36a80acaacb8183930e2e5ad7f71539a66805d6204ea88736570b2876a7b",
                "sha256:f567e972dce3bbc3a8076e0b675273b4a9e8576ac629149cf8286ee13c259ae5",
                "sha256:fe48e4925455c964db914b958f6e7032d285848b7538a5e1b19aeb26ffaea3ec"
            ],
            "index": "pypi",
            "version": "==1.3.4"
        },
        "pandas-stubs": {
            "hashes": [
                "sha256:9f16206e48ce7aaf499703a07e9196e40a62e3364149105fbe1f9a2f82efecf3",
                "sha256:e8b6eb5e4985c81d12c8446e9384dba04720f50957cc6d0c5d82b958da320fe2"
            ],
            "version": "==1.2.0.38"
        },
        "pathy": {
            "hashes": [
                "sha256:25fd04cec6393661113086730ce69c789d121bea83ab1aa18452e8fd42faf29a",
                "sha256:838624441f799a06b446a657e4ecc9ebc3fdd05234397e044a7c87e8f6e76b1c"
            ],
            "markers": "python_version >= '3.6'",
            "version": "==0.6.1"
        },
        "preshed": {
            "hashes": [
                "sha256:3af09f4cfcdaca085fd87dac8107617c4e2bb0ad1458f953841b71e9728287f5",
                "sha256:58661bea8d0d63a648588511407285e43d43627e27f836e30819801fb3c75d70",
                "sha256:5f99837e7353ce1fa81f0074d4b15f36e0af5af60a2a54d4d11e13cb09768a9e",
                "sha256:61b2ea656cb1c38d544cc774f1c2ad1cdab23167b46b35310a7e211d4ba9c6d0",
                "sha256:66a71ced487516cf81fd0431a3a843514262ae2f33e9a7688b87562258fa75d5",
                "sha256:6c98f725d8478f3ade4ab1ea00f50a92d2d9406d37276bc46fd8bab1d47452c4",
                "sha256:87e1add41b7f6236a3ccc34788f47ab8682bc28e8a2d369089062e274494c1a0",
                "sha256:8c60a400babfc5b25ba371fda7041be227f7c625e1fb7a43329c2c08fe00a53b",
                "sha256:92a8f49d17a63537a8beed48a049b62ef168ca07e0042a5b2bcdf178a1fb5d48",
                "sha256:a279c138ad1d5be02547b1545254929588414b01571fe637016367f6a1aa11de",
                "sha256:cfe1495fcfc7f479de840ddc4f426dbb55351e218ae5c8712c1269183a4d0060",
                "sha256:e03ae3eee961106a517fcd827b5a7c51f7317236b3e665c989054ab8dc381d28",
                "sha256:ea8aa9610837e907e8442e79300df0a861bfdb4dcaf026a5d9642a688ad04815",
                "sha256:eaffbc71fdb8625f9aac4fe7e19e20bf318d1421ea05903bebe3e6ffef27b587",
                "sha256:f92e752a868ea2690e1b38c4b775251a145e0fce36b9bdd972539e8271b7a23a",
                "sha256:fb3b7588a3a0f2f2f1bf3fe403361b2b031212b73a37025aea1df7215af3772a"
            ],
            "version": "==3.0.6"
        },
        "psutil": {
            "hashes": [
                "sha256:0066a82f7b1b37d334e68697faba68e5ad5e858279fd6351c8ca6024e8d6ba64",
                "sha256:02b8292609b1f7fcb34173b25e48d0da8667bc85f81d7476584d889c6e0f2131",
                "sha256:0ae6f386d8d297177fd288be6e8d1afc05966878704dad9847719650e44fc49c",
                "sha256:0c9ccb99ab76025f2f0bbecf341d4656e9c1351db8cc8a03ccd62e318ab4b5c6",
                "sha256:0dd4465a039d343925cdc29023bb6960ccf4e74a65ad53e768403746a9207023",
                "sha256:12d844996d6c2b1d3881cfa6fa201fd635971869a9da945cf6756105af73d2df",
                "sha256:1bff0d07e76114ec24ee32e7f7f8d0c4b0514b3fae93e3d2aaafd65d22502394",
                "sha256:245b5509968ac0bd179287d91210cd3f37add77dad385ef238b275bad35fa1c4",
                "sha256:28ff7c95293ae74bf1ca1a79e8805fcde005c18a122ca983abf676ea3466362b",
                "sha256:36b3b6c9e2a34b7d7fbae330a85bf72c30b1c827a4366a07443fc4b6270449e2",
                "sha256:52de075468cd394ac98c66f9ca33b2f54ae1d9bff1ef6b67a212ee8f639ec06d",
                "sha256:5da29e394bdedd9144c7331192e20c1f79283fb03b06e6abd3a8ae45ffecee65",
                "sha256:61f05864b42fedc0771d6d8e49c35f07efd209ade09a5afe6a5059e7bb7bf83d",
                "sha256:6223d07a1ae93f86451d0198a0c361032c4c93ebd4bf6d25e2fb3edfad9571ef",
                "sha256:6323d5d845c2785efb20aded4726636546b26d3b577aded22492908f7c1bdda7",
                "sha256:6ffe81843131ee0ffa02c317186ed1e759a145267d54fdef1bc4ea5f5931ab60",
                "sha256:74f2d0be88db96ada78756cb3a3e1b107ce8ab79f65aa885f76d7664e56928f6",
                "sha256:74fb2557d1430fff18ff0d72613c5ca30c45cdbfcddd6a5773e9fc1fe9364be8",
                "sha256:90d4091c2d30ddd0a03e0b97e6a33a48628469b99585e2ad6bf21f17423b112b",
                "sha256:90f31c34d25b1b3ed6c40cdd34ff122b1887a825297c017e4cbd6796dd8b672d",
                "sha256:99de3e8739258b3c3e8669cb9757c9a861b2a25ad0955f8e53ac662d66de61ac",
                "sha256:c6a5fd10ce6b6344e616cf01cc5b849fa8103fbb5ba507b6b2dee4c11e84c935",
                "sha256:ce8b867423291cb65cfc6d9c4955ee9bfc1e21fe03bb50e177f2b957f1c2469d",
                "sha256:d225cd8319aa1d3c85bf195c4e07d17d3cd68636b8fc97e6cf198f782f99af28",
                "sha256:ea313bb02e5e25224e518e4352af4bf5e062755160f77e4b1767dd5ccb65f876",
                "sha256:ea372bcc129394485824ae3e3ddabe67dc0b118d262c568b4d2602a7070afdb0",
                "sha256:f4634b033faf0d968bb9220dd1c793b897ab7f1189956e1aa9eae752527127d3",
                "sha256:fcc01e900c1d7bee2a37e5d6e4f9194760a93597c97fee89c4ae51701de03563"
            ],
            "index": "pypi",
            "version": "==5.8.0"
        },
        "pydantic": {
            "hashes": [
                "sha256:021ea0e4133e8c824775a0cfe098677acf6fa5a3cbf9206a376eed3fc09302cd",
                "sha256:05ddfd37c1720c392f4e0d43c484217b7521558302e7069ce8d318438d297739",
                "sha256:05ef5246a7ffd2ce12a619cbb29f3307b7c4509307b1b49f456657b43529dc6f",
                "sha256:10e5622224245941efc193ad1d159887872776df7a8fd592ed746aa25d071840",
                "sha256:18b5ea242dd3e62dbf89b2b0ec9ba6c7b5abaf6af85b95a97b00279f65845a23",
                "sha256:234a6c19f1c14e25e362cb05c68afb7f183eb931dd3cd4605eafff055ebbf287",
                "sha256:244ad78eeb388a43b0c927e74d3af78008e944074b7d0f4f696ddd5b2af43c62",
                "sha256:26464e57ccaafe72b7ad156fdaa4e9b9ef051f69e175dbbb463283000c05ab7b",
                "sha256:41b542c0b3c42dc17da70554bc6f38cbc30d7066d2c2815a94499b5684582ecb",
                "sha256:4a03cbbe743e9c7247ceae6f0d8898f7a64bb65800a45cbdc52d65e370570820",
                "sha256:4be75bebf676a5f0f87937c6ddb061fa39cbea067240d98e298508c1bda6f3f3",
                "sha256:54cd5121383f4a461ff7644c7ca20c0419d58052db70d8791eacbbe31528916b",
                "sha256:589eb6cd6361e8ac341db97602eb7f354551482368a37f4fd086c0733548308e",
                "sha256:8621559dcf5afacf0069ed194278f35c255dc1a1385c28b32dd6c110fd6531b3",
                "sha256:8b223557f9510cf0bfd8b01316bf6dd281cf41826607eada99662f5e4963f316",
                "sha256:99a9fc39470010c45c161a1dc584997f1feb13f689ecf645f59bb4ba623e586b",
                "sha256:a7c6002203fe2c5a1b5cbb141bb85060cbff88c2d78eccbc72d97eb7022c43e4",
                "sha256:a83db7205f60c6a86f2c44a61791d993dff4b73135df1973ecd9eed5ea0bda20",
                "sha256:ac8eed4ca3bd3aadc58a13c2aa93cd8a884bcf21cb019f8cfecaae3b6ce3746e",
                "sha256:e710876437bc07bd414ff453ac8ec63d219e7690128d925c6e82889d674bb505",
                "sha256:ea5cb40a3b23b3265f6325727ddfc45141b08ed665458be8c6285e7b85bd73a1",
                "sha256:fec866a0b59f372b7e776f2d7308511784dace622e0992a0b59ea3ccee0ae833"
            ],
            "markers": "python_full_version >= '3.6.1'",
            "version": "==1.8.2"
        },
        "pyparsing": {
            "hashes": [
                "sha256:04ff808a5b90911829c55c4e26f75fa5ca8a2f5f36aa3a51f68e27033341d3e4",
                "sha256:d9bdec0013ef1eb5a84ab39a3b3868911598afa494f5faa038647101504e2b81"
            ],
            "markers": "python_version >= '3.6'",
            "version": "==3.0.6"
        },
        "python-dateutil": {
            "hashes": [
                "sha256:0123cacc1627ae19ddf3c27a5de5bd67ee4586fbdd6440d9748f8abb483d3e86",
                "sha256:961d03dc3453ebbc59dbdea9e4e11c5651520a876d0f4db161e8674aae935da9"
            ],
            "markers": "python_version >= '2.7' and python_version not in '3.0, 3.1, 3.2'",
            "version": "==2.8.2"
        },
        "python-dotenv": {
            "hashes": [
                "sha256:14f8185cc8d494662683e6914addcb7e95374771e707601dfc70166946b4c4b8",
                "sha256:bbd3da593fc49c249397cbfbcc449cf36cb02e75afc8157fcc6a81df6fb7750a"
            ],
            "index": "pypi",
            "version": "==0.19.1"
        },
        "pytz": {
            "hashes": [
                "sha256:3672058bc3453457b622aab7a1c3bfd5ab0bdae451512f6cf25f64ed37f5b87c",
                "sha256:acad2d8b20a1af07d4e4c9d2e9285c5ed9104354062f275f3fcd88dcef4f1326"
            ],
            "version": "==2021.3"
        },
        "requests": {
            "hashes": [
                "sha256:6c1246513ecd5ecd4528a0906f910e8f0f9c6b8ec72030dc9fd154dc1a6efd24",
                "sha256:b8aa58f8cf793ffd8782d3d8cb19e66ef36f7aba4353eec859e74678b01b07a7"
            ],
            "markers": "python_version >= '2.7' and python_version not in '3.0, 3.1, 3.2, 3.3, 3.4, 3.5'",
            "version": "==2.26.0"
        },
        "scikit-learn": {
            "hashes": [
                "sha256:02aee3b257617da0ec98dee9572b10523dc00c25b68c195ddf100c1a93b1854b",
                "sha256:059c5be0c0365321ddbcac7abf0db806fad8ecb64ee6c7cbcd58313c7d61634d",
                "sha256:116e05fd990d9b363fc29bd3699ec2117d7da9088f6ca9a90173b240c5a063f1",
                "sha256:11a57405c1c3514227d0c6a0bee561c94cd1284b41e236f7a1d76b3975f77593",
                "sha256:32d941f12fd7e245f01da2b82943c5ce6f1133fa5375eb80caa51457532b3e7e",
                "sha256:46248cc6a8b72490f723c73ff2e65e62633d14cafe9d2df3a7b3f87d332a6f7e",
                "sha256:515b227f01f569145dc9f86e56f4cea9f00a613fc4d074bbfc0a92ca00bff467",
                "sha256:538f3a85c4980c7572f3e754f0ba8489363976ef3e7f6a94e8f1af5ae45f6f6a",
                "sha256:53bb7c605427ab187869d7a05cd3f524a3015a90e351c1788fc3a662e7f92b69",
                "sha256:59b1d6df8724003fa16b7365a3b43449ee152aa6e488dd7a19f933640bb2d7fb",
                "sha256:62ce4e3ddb6e6e9dcdb3e5ac7f0575dbaf56f79ce2b2edee55192b12b52df5be",
                "sha256:648f4dbfdd0a1b45bf6e2e4afe3f431774c55dee05e2d28f8394d6648296f373",
                "sha256:944f47b2d881b9d24aee40d643bfdc4bd2b6dc3d25b62964411c6d8882f940a1",
                "sha256:a51fdbc116974d9715957366df73e5ec6f0a7a2afa017864c2e5f5834e6f494d",
                "sha256:a800665527c1a63f7395a0baae3c89b0d97b54d2c23769c1c9879061bb80bc19",
                "sha256:ac2ca9dbb754d61cfe1c83ba8483498ef951d29b93ec09d6f002847f210a99da",
                "sha256:bd78a2442c948536f677e2744917c37cff014559648102038822c23863741c27",
                "sha256:c604a813df8e7d6dfca3ae0db0a8fd7e5dff4ea9d94081ab263c81bf0b61ab4b",
                "sha256:c6b9510fd2e1642314efb7aa951a0d05d963f3523e01c30b2dadde2395ebe6b4",
                "sha256:ebbe4275556d3c02707bd93ae8b96d9651acd4165126e0ae64b336afa2a6dcb1",
                "sha256:ee59da47e18b703f6de17d5d51b16ce086c50969d5a83db5217f0ae9372de232",
                "sha256:fb7214103f6c36c1371dd8c166897e3528264a28f2e2e42573ba8c61ed4d7142",
                "sha256:fc60e0371e521995a6af2ef3f5d911568506124c272889b318b8b6e497251231",
                "sha256:fc75f81571137b39f9b31766e15a0e525331637e7fe8f8000a3fbfba7da3add9",
                "sha256:fecb5102f0a36c16c1361ec519a7bb0260776ef40e17393a81f530569c916a7b"
            ],
            "markers": "python_version >= '3.7'",
            "version": "==1.0.1"
        },
        "scipy": {
            "hashes": [
                "sha256:1437073f1d4664990879aa8f9547524764372e0fef84a077be4b19e82bba7a8d",
                "sha256:17fd991a275e4283453f89d404209aa92059ac68d76d804b4bc1716a3742e1b5",
                "sha256:1ea6233f5a365cb7945b4304bd06323ece3ece85d6a3fa8598d2f53e513467c9",
                "sha256:2d25272c03ee3c0fe5e0dff1bb7889280bb6c9e1766fa9c7bde81ad8a5f78694",
                "sha256:30bdda199667e74b50208a793eb1ba47a04e5e3fa16f5ff06c6f7969ae78e4da",
                "sha256:359b60a0cccd17723b9d5e329a5212a710e771a3ddde800e472fb93732756c46",
                "sha256:39f838ea5ce8da868785193d88d05cf5a6d5c390804ec99de29a28e1dcdd53e6",
                "sha256:4d175ba93e00d8eef8f7cd70d4d88a9106a86800c82ea03cf2268c36d6545483",
                "sha256:5273d832fb9cd5724ee0d335c16a903b923441107dd973d27fc4293075a9f4e3",
                "sha256:54951f51d731c832b1b8885e0a92e89f33d087de7e40d02078bf0d49c7cbdbb5",
                "sha256:74f518ce542533054695f743e4271cb8986b63f95bb51d70fcee4f3929cbff7d",
                "sha256:7b1d0f5f524518f1a86f288443528e4ff4a739c0966db663af4129b7ac7849f8",
                "sha256:82c5befebf54d799d77e5f0205c03030f57f69ba2541baa44d2e6ad138c28cd3",
                "sha256:8482c8e45857ab0a5446eb7460d2307a27cbbe659d6d2257820c6d6eb950fd0f",
                "sha256:87cf3964db0f1cce17aeed5bfc1b89a6b4b07dbfc48e50d21fa3549e00456803",
                "sha256:8b5726a0fedeaa6beb1095e4466998bdd1d1e960b28db9b5a16c89cbd7b2ebf1",
                "sha256:97eb573e361a73a553b915dc195c6f72a08249964b1a33f157f9659f3b6210d1",
                "sha256:a80eb01c43fd98257ec7a49ff5cec0edba32031b5f86503f55399a48cb2c5379",
                "sha256:cac71d5476a6f56b50459da21f6221707e0051ebd428b2137db32ef4a43bb15e",
                "sha256:d86abd1ddf421dea5e9cebfeb4de0d205b3dc04e78249afedba9c6c3b2227ff2",
                "sha256:dc2d1bf41294e63c7302bf499973ac0c7f73c93c01763db43055f6525234bf11",
                "sha256:e08b81fcd9bf98740b58dc6fdd7879e33a64dcb682201c1135f7d4a75216bb05",
                "sha256:e3efe7ef75dfe627b354ab0af0dbc918eadee97cc80ff1aabea6d3e01114ebdd",
                "sha256:fa2dbabaaecdb502641b0b3c00dec05fb475ae48655c66da16c9ed24eda1e711"
            ],
            "markers": "python_version < '3.11' and python_version >= '3.7'",
            "version": "==1.7.2"
        },
        "setuptools": {
            "hashes": [
                "sha256:157d21de9d055ab9e8ea3186d91e7f4f865e11f42deafa952d90842671fc2576",
                "sha256:4adde3d1e1c89bde1c643c64d89cdd94cbfd8c75252ee459d4500bccb9c7d05d"
            ],
            "markers": "python_version >= '3.6'",
            "version": "==59.2.0"
        },
        "six": {
            "hashes": [
                "sha256:1e61c37477a1626458e36f7b1d82aa5c9b094fa4802892072e49de9c60c4c926",
                "sha256:8abb2f1d86890a2dfb989f9a77cfcfd3e47c2a354b01111771326f8aa26e0254"
            ],
            "markers": "python_version >= '2.7' and python_version not in '3.0, 3.1, 3.2'",
            "version": "==1.16.0"
        },
        "sklearn": {
            "hashes": [
                "sha256:e23001573aa194b834122d2b9562459bf5ae494a2d59ca6b8aa22c85a44c0e31"
            ],
            "index": "pypi",
            "version": "==0.0"
        },
        "smart-open": {
            "hashes": [
                "sha256:71d14489da58b60ce12fc3ecb823facc59a8b23cd1b58edb97175640350d3a62",
                "sha256:75abf758717a92a8f53aa96953f0c245c8cedf8e1e4184903db3659b419d4c17"
            ],
            "markers": "python_version >= '3.6' and python_version < '4.0'",
            "version": "==5.2.1"
        },
        "spacy": {
            "hashes": [
                "sha256:0750590697ea4588b41cdb8db66baed37d46412f8f385572edb3756106005423",
                "sha256:19eb4f24791c53e9bf7ef5b4112dfe6b2bea9dfc859269344b437e37de2e4654",
                "sha256:208ea0ccc8015c5d4f3d11de627f6adec36058b508756bcdc9372d9ca8e1161d",
                "sha256:2cef9524d1516c143a586be61888b4851dad893e4d1f609050eacb3aa3cc84fb",
                "sha256:3c15cafed1d2429a80220917528f6e4cfab7ba7b6f16bd591f09620bbf0aa332",
                "sha256:4ef56f77c47389451a9bfa56cc79ac9bd17385fc7ed9e1c08c0cf1ad41dd19a1",
                "sha256:5cb3ef623511d58759b87fbece2bf6f19d46ce594720c05230185fff6e65f28f",
                "sha256:68e54b2a14ce74eeecea9bfb0b9bdadf8a4a8157765dbefa7e50d25a1bf0f2f3",
                "sha256:729cd9bb2fbb04b43e5cffc6f344cc3451e521d78689afc66df4d1cf18e9393a",
                "sha256:7c5231003ad62e621da080a79eabdddcc38a11964d79c2b70f7a38bcb4b47aed",
                "sha256:9a7c42a548b09d4c280283b33239a89c130f1662bb32b10270438a44dd3fb4bf",
                "sha256:a3956bce38773a685380b79aa89420269309332280588ca012634ed8831724aa",
                "sha256:a5746672265470300c099a2d2ea2442ba0b84870106d21c69568561db38bba1d",
                "sha256:cf2fddb68f2465e98a2ca756861f28a41e13452d7e3a0cd3286396267401d4f5",
                "sha256:db79c01405a54bcc832a5308fbe1f060e004f13ea6a86d483a265d4632b90e72",
                "sha256:f908937ff8066d73162ea4649f644c312df8a8c2bff0219b98c75fa57054bcbc"
            ],
            "index": "pypi",
            "version": "==3.2.0"
        },
        "spacy-legacy": {
            "hashes": [
                "sha256:b4725c5c161f0685ab4fce3fc912bc68aefdb7e102ba9848e852bb5842256c2f",
                "sha256:eb37a3540bb461b5fe9348d4976784f18a0e345982e41e2c5c7cd8229889e825"
            ],
            "markers": "python_version >= '3.6'",
            "version": "==3.0.8"
        },
        "spacy-loggers": {
            "hashes": [
                "sha256:17d0e249b2e6c6546c49fc6561a0a685f91a8edbf24a5b2b7759ead443c74654",
                "sha256:5e610c980efb831fa428c24fd659e5dd850ea6140c9ed987efe0e8d26df3ee7c"
            ],
            "markers": "python_version >= '3.6'",
            "version": "==1.0.1"
        },
        "srsly": {
            "hashes": [
                "sha256:004d29a5abc0fe632434359c0be170490a69c4dce2c3de8a769944c37da7bb4b",
                "sha256:090072830cf2d5bd6765705a02463f586db8a586805d1c31a72080f971d311b5",
                "sha256:0df68c021ed3f481a5b2e408b57dc40caac66d36b17ef5235b14e9e6a2e24d68",
                "sha256:11b99f16a95fac43905bc31a4705b80ca8a23f201a5cb611a278e3b2d83c6175",
                "sha256:2aba252292767875086adf4e4380e27b024d73655456f796f8e07eb3a4dfacc0",
                "sha256:589118f912125742414125b7d671610bf2fe11382e79f1df8ec9324a915a3a18",
                "sha256:5e22bbc1a20abf749fa53adf101c36bc369ec63f496c7a44bf4f5f287d724900",
                "sha256:6259e9904ceb4802bcd4ce1114958ebdc30b756a87b94b0949a57ffd4f63421b",
                "sha256:7ced7ec4993b4d4ad73cc442f8f7a518368348054d510864b1aa149e8d71654d",
                "sha256:801c7e6e32c6a4721ab78ab7dafd01074fdb144f4876c09b25305c98f95c470f",
                "sha256:a2e8ee5f3a2a3a816b1d3d989d1b343d77900fa6b84e11c9fc1ac202d1a5dd17",
                "sha256:cadf13096c7157212c53c0a1af868eececf54e86ffb4e0429dff05d1b9bc423a",
                "sha256:d4bc36962208810d29c72156e0573dcbabd9914f42fede42217ccfcadd96beb6",
                "sha256:d590856db1e639b92c1a78b0cc1fe0d9436dd49037c9961bce959af5d7f66755",
                "sha256:f7e16f2a34d2d8ac6c6e1691f54ce27a5b4feb923207a9e294496458b98b0510",
                "sha256:ff042c5c3cc1eecd7cbb0a218975a7fd7f331a7f0a3f2e19eb0d6192a98bfdf7"
            ],
            "markers": "python_version >= '3.6'",
            "version": "==2.4.2"
        },
        "thinc": {
            "hashes": [
                "sha256:0f956c693d180209075703072fd226a24408cbe80eb67bd3b6eea407f61cb283",
                "sha256:1f274bcaa781aaf1dba5eac7da7d88d9b0cb8c2fd7477647f0ca9d3221dfb958",
                "sha256:27ea64843d6af0f3de8c788ec2a00598a1e5b4d57aadb52845fa42e95e4038c2",
                "sha256:2b217059c9e126220b77e7d6c9da56912c4e1eb4e8a11af14f17752e198e88cc",
                "sha256:47662a3ae33d445a77b6ea7b772444805c7bba8991f122e350daf72dedc8171a",
                "sha256:753f65e07860553551ed8806b934a74f26a4a50985d556ecd5c4ab50c29b3222",
                "sha256:a17d87469082b82c27b7d40dd86c793fc34c60f734209ee056cb02d7609f255b",
                "sha256:b3ae088f60d3dfe6a88c6be37548aae40023e46a718cffe3e43953b4f0ffc340",
                "sha256:b61f78f6f116d23438b034c3552804c9767c4165960b1d7e48f07b2e9a95afb0",
                "sha256:ba576af211ad2b00af78ab3e24e689289b29af8a9e51619ad55fab86871d8652",
                "sha256:ce322b66053819654d0444877154a08ed01cf5b45c6b3c9763e59b78af4f6039",
                "sha256:d52a5621e1784af5c64af4cfa9b2924358ca07aafd99014c57a736cf032e42f7",
                "sha256:def8e96eddb5a098d07dcf8752266095e14a6cf5d056ff766e2cdc542eb63f02",
                "sha256:f520daf45b7f42a04363852df43be1b423ae42d9327709d74f6c3279b3f73778",
                "sha256:f818b9f012169a11beb3561c43dc52080588e50cf495733e492efab8b9b4135e",
                "sha256:ffe0a4d74f2ba2819193a5d9179156256f44c69255d7ae286ce1861efcefbc64"
            ],
            "markers": "python_version >= '3.6'",
            "version": "==8.0.13"
        },
        "threadpoolctl": {
            "hashes": [
                "sha256:4fade5b3b48ae4b1c30f200b28f39180371104fccc642e039e0f2435ec8cc211",
                "sha256:d03115321233d0be715f0d3a5ad1d6c065fe425ddc2d671ca8e45e9fd5d7a52a"
            ],
            "markers": "python_version >= '3.6'",
            "version": "==3.0.0"
        },
        "tqdm": {
            "hashes": [
                "sha256:8dd278a422499cd6b727e6ae4061c40b48fce8b76d1ccbf5d34fca9b7f925b0c",
                "sha256:d359de7217506c9851b7869f3708d8ee53ed70a1b8edbba4dbcb47442592920d"
            ],
            "markers": "python_version >= '2.7' and python_version not in '3.0, 3.1, 3.2, 3.3'",
            "version": "==4.62.3"
        },
        "typer": {
            "hashes": [
                "sha256:63c3aeab0549750ffe40da79a1b524f60e08a2cbc3126c520ebf2eeaf507f5dd",
                "sha256:d81169725140423d072df464cad1ff25ee154ef381aaf5b8225352ea187ca338"
            ],
            "markers": "python_version >= '3.6'",
            "version": "==0.4.0"
        },
        "typing-extensions": {
            "hashes": [
                "sha256:2cdf80e4e04866a9b3689a51869016d36db0814d84b8d8a568d22781d45d27ed",
                "sha256:829704698b22e13ec9eaf959122315eabb370b0884400e9818334d8b677023d9"
            ],
            "markers": "python_version >= '3.6'",
            "version": "==4.0.0"
        },
        "urllib3": {
            "hashes": [
                "sha256:4987c65554f7a2dbf30c18fd48778ef124af6fab771a377103da0585e2336ece",
                "sha256:c4fdf4019605b6e5423637e01bc9fe4daef873709a7973e195ceba0a62bbc844"
            ],
            "markers": "python_version >= '2.7' and python_version not in '3.0, 3.1, 3.2, 3.3, 3.4' and python_version < '4.0'",
            "version": "==1.26.7"
        },
        "wasabi": {
            "hashes": [
                "sha256:a493e09d86109ec6d9e70d040472f9facc44634d4ae6327182f94091ca73a490",
                "sha256:b4a36aaa9ca3a151f0c558f269d442afbb3526f0160fd541acd8a0d5e5712054"
            ],
            "version": "==0.8.2"
        },
        "werkzeug": {
            "hashes": [
                "sha256:63d3dc1cf60e7b7e35e97fa9861f7397283b75d765afcaefd993d6046899de8f",
                "sha256:aa2bb6fc8dee8d6c504c0ac1e7f5f7dc5810a9903e793b6f715a9f015bdadb9a"
            ],
            "index": "pypi",
            "version": "==2.0.2"
        }
    },
    "develop": {}
}
